
Microsoft Visual Studio Solution File, Format Version 12.00
# Visual Studio 15
VisualStudioVersion = 15.0.28307.421
MinimumVisualStudioVersion = 10.0.40219.1
Project("{9A19103F-16F7-4668-BE54-9A1E7A4F7556}") = "Sudoku", "Sudoku.csproj", "{C082C726-2224-4A34-9809-40B22AA9405E}"
EndProject
Global
	GlobalSection(SolutionConfigurationPlatforms) = preSolution
		Debug|Any CPU = Debug|Any CPU
		Release|Any CPU = Release|Any CPU
	EndGlobalSection
	GlobalSection(ProjectConfigurationPlatforms) = postSolution
		{C082C726-2224-4A34-9809-40B22AA9405E}.Debug|Any CPU.ActiveCfg = Debug|Any CPU
		{C082C726-2224-4A34-9809-40B22AA9405E}.Debug|Any CPU.Build.0 = Debug|Any CPU
		{C082C726-2224-4A34-9809-40B22AA9405E}.Release|Any CPU.ActiveCfg = Release|Any CPU
		{C082C726-2224-4A34-9809-40B22AA9405E}.Release|Any CPU.Build.0 = Release|Any CPU
	EndGlobalSection
	GlobalSection(SolutionProperties) = preSolution
		HideSolutionNode = FALSE
	EndGlobalSection
	GlobalSection(ExtensibilityGlobals) = postSolution
		SolutionGuid = {6A74AF8A-925E-489D-AC58-1C1D57123CD6}
	EndGlobalSection
EndGlobal
